
Microsoft Visual Studio Solution File, Format Version 12.00
# Visual Studio 15
VisualStudioVersion = 15.0.27703.2035
MinimumVisualStudioVersion = 10.0.40219.1
Project("{FAE04EC0-301F-11D3-BF4B-00C04F79EFBC}") = "LeavesInDLL", "LeavesInDLL\LeavesInDLL.csproj", "{6C12863C-C35E-4594-9F70-B2CF5E13EAAC}"
EndProject
Global
	GlobalSection(SolutionConfigurationPlatforms) = preSolution
		Debug|Any CPU = Debug|Any CPU
		Release|Any CPU = Release|Any CPU
	EndGlobalSection
	GlobalSection(ProjectConfigurationPlatforms) = postSolution
		{6C12863C-C35E-4594-9F70-B2CF5E13EAAC}.Debug|Any CPU.ActiveCfg = Debug|Any CPU
		{6C12863C-C35E-4594-9F70-B2CF5E13EAAC}.Debug|Any CPU.Build.0 = Debug|Any CPU
		{6C12863C-C35E-4594-9F70-B2CF5E13EAAC}.Release|Any CPU.ActiveCfg = Release|Any CPU
		{6C12863C-C35E-4594-9F70-B2CF5E13EAAC}.Release|Any CPU.Build.0 = Release|Any CPU
	EndGlobalSection
	GlobalSection(SolutionProperties) = preSolution
		HideSolutionNode = FALSE
	EndGlobalSection
	GlobalSection(ExtensibilityGlobals) = postSolution
		SolutionGuid = {9A08AFC0-D627-4469-A736-950DF1F10B26}
	EndGlobalSection
EndGlobal
